
Microsoft Visual Studio Solution File, Format Version 12.00
# Visual Studio Version 17
VisualStudioVersion = 17.0.31903.59
MinimumVisualStudioVersion = 10.0.40219.1
Project("{FAE04EC0-301F-11D3-BF4B-00C04F79EFBC}") = "MotorStores.Domain", "MotorStores.Domain\MotorStores.Domain.csproj", "{82E5963F-47FB-4B4A-BDF1-7DA2B73002B5}"
EndProject
Project("{FAE04EC0-301F-11D3-BF4B-00C04F79EFBC}") = "MotorStores.Application", "MotorStores.Application\MotorStores.Application.csproj", "{14E5CA31-FF68-4EF6-9E0F-0F42E1424D22}"
EndProject
Project("{FAE04EC0-301F-11D3-BF4B-00C04F79EFBC}") = "MotorStores.Infrastructure", "MotorStores.Infrastructure\MotorStores.Infrastructure.csproj", "{059E90FA-327E-4840-9D79-698410B0ABDB}"
EndProject
Project("{FAE04EC0-301F-11D3-BF4B-00C04F79EFBC}") = "MotorStores.Api", "MotorStores.Api\MotorStores.Api.csproj", "{FFF1DED8-2CEF-4453-BB34-384782A6ED0F}"
EndProject
Project("{2150E333-8FDC-42A3-9474-1A3956D46DE8}") = "Solution Items", "Solution Items", "{02EA681E-C7D8-13C7-8484-4AC65E1B71E8}"
EndProject
Global
	GlobalSection(SolutionConfigurationPlatforms) = preSolution
		Debug|Any CPU = Debug|Any CPU
		Release|Any CPU = Release|Any CPU
	EndGlobalSection
	GlobalSection(ProjectConfigurationPlatforms) = postSolution
		{82E5963F-47FB-4B4A-BDF1-7DA2B73002B5}.Debug|Any CPU.ActiveCfg = Debug|Any CPU
		{82E5963F-47FB-4B4A-BDF1-7DA2B73002B5}.Debug|Any CPU.Build.0 = Debug|Any CPU
		{82E5963F-47FB-4B4A-BDF1-7DA2B73002B5}.Release|Any CPU.ActiveCfg = Release|Any CPU
		{82E5963F-47FB-4B4A-BDF1-7DA2B73002B5}.Release|Any CPU.Build.0 = Release|Any CPU
		{14E5CA31-FF68-4EF6-9E0F-0F42E1424D22}.Debug|Any CPU.ActiveCfg = Debug|Any CPU
		{14E5CA31-FF68-4EF6-9E0F-0F42E1424D22}.Debug|Any CPU.Build.0 = Debug|Any CPU
		{14E5CA31-FF68-4EF6-9E0F-0F42E1424D22}.Release|Any CPU.ActiveCfg = Release|Any CPU
		{14E5CA31-FF68-4EF6-9E0F-0F42E1424D22}.Release|Any CPU.Build.0 = Release|Any CPU
		{059E90FA-327E-4840-9D79-698410B0ABDB}.Debug|Any CPU.ActiveCfg = Debug|Any CPU
		{059E90FA-327E-4840-9D79-698410B0ABDB}.Debug|Any CPU.Build.0 = Debug|Any CPU
		{059E90FA-327E-4840-9D79-698410B0ABDB}.Release|Any CPU.ActiveCfg = Release|Any CPU
		{059E90FA-327E-4840-9D79-698410B0ABDB}.Release|Any CPU.Build.0 = Release|Any CPU
		{FFF1DED8-2CEF-4453-BB34-384782A6ED0F}.Debug|Any CPU.ActiveCfg = Debug|Any CPU
		{FFF1DED8-2CEF-4453-BB34-384782A6ED0F}.Debug|Any CPU.Build.0 = Debug|Any CPU
		{FFF1DED8-2CEF-4453-BB34-384782A6ED0F}.Release|Any CPU.ActiveCfg = Release|Any CPU
		{FFF1DED8-2CEF-4453-BB34-384782A6ED0F}.Release|Any CPU.Build.0 = Release|Any CPU
	EndGlobalSection
	GlobalSection(SolutionProperties) = preSolution
		HideSolutionNode = FALSE
	EndGlobalSection
	GlobalSection(ExtensibilityGlobals) = postSolution
		SolutionGuid = {CBB56691-CACB-4EFB-8566-44C5F2F5D530}
	EndGlobalSection
EndGlobal
